<Solution>
  <Folder Name="/src/">
    <Project Path="src/Gorilla.UI.Client/Gorilla.UI.Client.csproj" />
  </Folder>
  <Folder Name="/tests/">
    <Project Path="tests/Gorilla.UI.Client.Tests/Gorilla.UI.Client.Tests.csproj" />
  </Folder>
  <Folder Name="/tools/">
    <Project Path="tools/PipeHarness/PipeHarness.csproj" />
  </Folder>
</Solution>
