
Microsoft Visual Studio Solution File, Format Version 12.00
# Visual Studio Version 17
VisualStudioVersion = 17.0.31903.59
MinimumVisualStudioVersion = 10.0.40219.1
Project("{2150E333-8FDC-42A3-9474-1A3956D46DE8}") = "src", "src", "{827E0CD3-B72D-47B6-A68D-7590B98EB39B}"
EndProject
Project("{FAE04EC0-301F-11D3-BF4B-00C04F79EFBC}") = "Gorilla.UI.App", "src\Gorilla.UI.App\Gorilla.UI.App.csproj", "{1B33E166-E2EC-4667-BA76-53F010890702}"
EndProject
Project("{FAE04EC0-301F-11D3-BF4B-00C04F79EFBC}") = "Gorilla.UI.Client", "src\Gorilla.UI.Client\Gorilla.UI.Client.csproj", "{34C64A23-818A-4340-A7AA-C01B94450807}"
EndProject
Project("{2150E333-8FDC-42A3-9474-1A3956D46DE8}") = "tests", "tests", "{0AB3BF05-4346-4AA6-1389-037BE0695223}"
EndProject
Project("{FAE04EC0-301F-11D3-BF4B-00C04F79EFBC}") = "Gorilla.UI.Client.Tests", "tests\Gorilla.UI.Client.Tests\Gorilla.UI.Client.Tests.csproj", "{67C538BC-1944-4DD8-A89E-2E5ABF202008}"
EndProject
Project("{2150E333-8FDC-42A3-9474-1A3956D46DE8}") = "tools", "tools", "{07C2787E-EAC7-C090-1BA3-A61EC2A24D84}"
EndProject
Project("{FAE04EC0-301F-11D3-BF4B-00C04F79EFBC}") = "PipeHarness", "tools\PipeHarness\PipeHarness.csproj", "{E21D0DF6-5273-4E45-84A3-0236F7F3C67B}"
EndProject
Global
	GlobalSection(SolutionConfigurationPlatforms) = preSolution
		Debug|Any CPU = Debug|Any CPU
		Debug|x64 = Debug|x64
		Debug|x86 = Debug|x86
		Release|Any CPU = Release|Any CPU
		Release|x64 = Release|x64
		Release|x86 = Release|x86
	EndGlobalSection
	GlobalSection(ProjectConfigurationPlatforms) = postSolution
		{1B33E166-E2EC-4667-BA76-53F010890702}.Debug|Any CPU.ActiveCfg = Debug|x86
		{1B33E166-E2EC-4667-BA76-53F010890702}.Debug|Any CPU.Build.0 = Debug|x86
		{1B33E166-E2EC-4667-BA76-53F010890702}.Debug|x64.ActiveCfg = Debug|x64
		{1B33E166-E2EC-4667-BA76-53F010890702}.Debug|x64.Build.0 = Debug|x64
		{1B33E166-E2EC-4667-BA76-53F010890702}.Debug|x86.ActiveCfg = Debug|x86
		{1B33E166-E2EC-4667-BA76-53F010890702}.Debug|x86.Build.0 = Debug|x86
		{1B33E166-E2EC-4667-BA76-53F010890702}.Release|Any CPU.ActiveCfg = Release|x86
		{1B33E166-E2EC-4667-BA76-53F010890702}.Release|Any CPU.Build.0 = Release|x86
		{1B33E166-E2EC-4667-BA76-53F010890702}.Release|x64.ActiveCfg = Release|x64
		{1B33E166-E2EC-4667-BA76-53F010890702}.Release|x64.Build.0 = Release|x64
		{1B33E166-E2EC-4667-BA76-53F010890702}.Release|x86.ActiveCfg = Release|x86
		{1B33E166-E2EC-4667-BA76-53F010890702}.Release|x86.Build.0 = Release|x86
		{34C64A23-818A-4340-A7AA-C01B94450807}.Debug|Any CPU.ActiveCfg = Debug|Any CPU
		{34C64A23-818A-4340-A7AA-C01B94450807}.Debug|Any CPU.Build.0 = Debug|Any CPU
		{34C64A23-818A-4340-A7AA-C01B94450807}.Debug|x64.ActiveCfg = Debug|Any CPU
		{34C64A23-818A-4340-A7AA-C01B94450807}.Debug|x64.Build.0 = Debug|Any CPU
		{34C64A23-818A-4340-A7AA-C01B94450807}.Debug|x86.ActiveCfg = Debug|Any CPU
		{34C64A23-818A-4340-A7AA-C01B94450807}.Debug|x86.Build.0 = Debug|Any CPU
		{34C64A23-818A-4340-A7AA-C01B94450807}.Release|Any CPU.ActiveCfg = Release|Any CPU
		{34C64A23-818A-4340-A7AA-C01B94450807}.Release|Any CPU.Build.0 = Release|Any CPU
		{34C64A23-818A-4340-A7AA-C01B94450807}.Release|x64.ActiveCfg = Release|Any CPU
		{34C64A23-818A-4340-A7AA-C01B94450807}.Release|x64.Build.0 = Release|Any CPU
		{34C64A23-818A-4340-A7AA-C01B94450807}.Release|x86.ActiveCfg = Release|Any CPU
		{34C64A23-818A-4340-A7AA-C01B94450807}.Release|x86.Build.0 = Release|Any CPU
		{67C538BC-1944-4DD8-A89E-2E5ABF202008}.Debug|Any CPU.ActiveCfg = Debug|Any CPU
		{67C538BC-1944-4DD8-A89E-2E5ABF202008}.Debug|Any CPU.Build.0 = Debug|Any CPU
		{67C538BC-1944-4DD8-A89E-2E5ABF202008}.Debug|x64.ActiveCfg = Debug|Any CPU
		{67C538BC-1944-4DD8-A89E-2E5ABF202008}.Debug|x64.Build.0 = Debug|Any CPU
		{67C538BC-1944-4DD8-A89E-2E5ABF202008}.Debug|x86.ActiveCfg = Debug|Any CPU
		{67C538BC-1944-4DD8-A89E-2E5ABF202008}.Debug|x86.Build.0 = Debug|Any CPU
		{67C538BC-1944-4DD8-A89E-2E5ABF202008}.Release|Any CPU.ActiveCfg = Release|Any CPU
		{67C538BC-1944-4DD8-A89E-2E5ABF202008}.Release|Any CPU.Build.0 = Release|Any CPU
		{67C538BC-1944-4DD8-A89E-2E5ABF202008}.Release|x64.ActiveCfg = Release|Any CPU
		{67C538BC-1944-4DD8-A89E-2E5ABF202008}.Release|x64.Build.0 = Release|Any CPU
		{67C538BC-1944-4DD8-A89E-2E5ABF202008}.Release|x86.ActiveCfg = Release|Any CPU
		{67C538BC-1944-4DD8-A89E-2E5ABF202008}.Release|x86.Build.0 = Release|Any CPU
		{E21D0DF6-5273-4E45-84A3-0236F7F3C67B}.Debug|Any CPU.ActiveCfg = Debug|Any CPU
		{E21D0DF6-5273-4E45-84A3-0236F7F3C67B}.Debug|Any CPU.Build.0 = Debug|Any CPU
		{E21D0DF6-5273-4E45-84A3-0236F7F3C67B}.Debug|x64.ActiveCfg = Debug|Any CPU
		{E21D0DF6-5273-4E45-84A3-0236F7F3C67B}.Debug|x64.Build.0 = Debug|Any CPU
		{E21D0DF6-5273-4E45-84A3-0236F7F3C67B}.Debug|x86.ActiveCfg = Debug|Any CPU
		{E21D0DF6-5273-4E45-84A3-0236F7F3C67B}.Debug|x86.Build.0 = Debug|Any CPU
		{E21D0DF6-5273-4E45-84A3-0236F7F3C67B}.Release|Any CPU.ActiveCfg = Release|Any CPU
		{E21D0DF6-5273-4E45-84A3-0236F7F3C67B}.Release|Any CPU.Build.0 = Release|Any CPU
		{E21D0DF6-5273-4E45-84A3-0236F7F3C67B}.Release|x64.ActiveCfg = Release|Any CPU
		{E21D0DF6-5273-4E45-84A3-0236F7F3C67B}.Release|x64.Build.0 = Release|Any CPU
		{E21D0DF6-5273-4E45-84A3-0236F7F3C67B}.Release|x86.ActiveCfg = Release|Any CPU
		{E21D0DF6-5273-4E45-84A3-0236F7F3C67B}.Release|x86.Build.0 = Release|Any CPU
	EndGlobalSection
	GlobalSection(SolutionProperties) = preSolution
		HideSolutionNode = FALSE
	EndGlobalSection
	GlobalSection(NestedProjects) = preSolution
		{1B33E166-E2EC-4667-BA76-53F010890702} = {827E0CD3-B72D-47B6-A68D-7590B98EB39B}
		{34C64A23-818A-4340-A7AA-C01B94450807} = {827E0CD3-B72D-47B6-A68D-7590B98EB39B}
		{67C538BC-1944-4DD8-A89E-2E5ABF202008} = {0AB3BF05-4346-4AA6-1389-037BE0695223}
		{E21D0DF6-5273-4E45-84A3-0236F7F3C67B} = {07C2787E-EAC7-C090-1BA3-A61EC2A24D84}
	EndGlobalSection
EndGlobal
